speakeasyVersion: 1.551.0
sources:
    Apideck:
        sourceNamespace: apideck
        sourceRevisionDigest: sha256:ab9da0ea6ef64f675eaec69090db58ac946789c21bed5e92fe651195a75e84a7
        sourceBlobDigest: sha256:3cbbb31a42959d93e751e0fc92f3eb94d13ce4ec7159483a6d9aafea210079ed
        tags:
            - latest
            - speakeasy-sdk-regen-1748001145
            - 10.16.8
targets:
    apideck:
        source: Apideck
        sourceNamespace: apideck
        sourceRevisionDigest: sha256:ab9da0ea6ef64f675eaec69090db58ac946789c21bed5e92fe651195a75e84a7
        sourceBlobDigest: sha256:3cbbb31a42959d93e751e0fc92f3eb94d13ce4ec7159483a6d9aafea210079ed
        codeSamplesNamespace: apideck-go-code-samples
        codeSamplesRevisionDigest: sha256:88fd08ca46936c7951c0d3bf2f8575c2d45bf3ba90aa91c6ef6dc224046c48f8
workflow:
    workflowVersion: 1.0.0
    speakeasyVersion: latest
    sources:
        Apideck:
            inputs:
                - location: https://ci-spec-unify.s3.eu-central-1.amazonaws.com/speakeasy-spec.yml
            registry:
                location: registry.speakeasyapi.dev/apideck-k2o/apideck/apideck
    targets:
        apideck:
            target: go
            source: Apideck
            codeSamples:
                registry:
                    location: registry.speakeasyapi.dev/apideck-k2o/apideck/apideck-go-code-samples
                blocking: false
