speakeasyVersion: 1.545.0
sources:
    Apideck:
        sourceNamespace: apideck
        sourceRevisionDigest: sha256:b780b3dabc3e62a970f04977ac47ccae7d337a6491639ca8c720169053a4e3db
        sourceBlobDigest: sha256:2bd53eae6304d45526de5697c98c13b5ea7a2414dfd8d31ca48caf6ac0ea040d
        tags:
            - latest
            - speakeasy-sdk-regen-1746174599
            - 10.16.5
targets:
    apideck:
        source: Apideck
        sourceNamespace: apideck
        sourceRevisionDigest: sha256:b780b3dabc3e62a970f04977ac47ccae7d337a6491639ca8c720169053a4e3db
        sourceBlobDigest: sha256:2bd53eae6304d45526de5697c98c13b5ea7a2414dfd8d31ca48caf6ac0ea040d
        codeSamplesNamespace: apideck-go-code-samples
        codeSamplesRevisionDigest: sha256:9714223a9130072273520fae40e381602629c9c4136cc6e8ba14fc917129395e
workflow:
    workflowVersion: 1.0.0
    speakeasyVersion: latest
    sources:
        Apideck:
            inputs:
                - location: https://ci-spec-unify.s3.eu-central-1.amazonaws.com/speakeasy-spec.yml
            registry:
                location: registry.speakeasyapi.dev/apideck-k2o/apideck/apideck
    targets:
        apideck:
            target: go
            source: Apideck
            codeSamples:
                registry:
                    location: registry.speakeasyapi.dev/apideck-k2o/apideck/apideck-go-code-samples
                blocking: false
