speakeasyVersion: 1.559.0
sources:
    Apideck:
        sourceNamespace: apideck
        sourceRevisionDigest: sha256:f5afc21d878040da9bb01081183a33f1aa248affa7c6fcd7c8226e2ae1f45b21
        sourceBlobDigest: sha256:b16d87c11cc9c5bbff0fc829bd6621927e10f79ff8f16a6b6eddd3b1bf56e8a1
        tags:
            - latest
            - speakeasy-sdk-regen-1749226427
            - 10.17.2
targets:
    apideck:
        source: Apideck
        sourceNamespace: apideck
        sourceRevisionDigest: sha256:f5afc21d878040da9bb01081183a33f1aa248affa7c6fcd7c8226e2ae1f45b21
        sourceBlobDigest: sha256:b16d87c11cc9c5bbff0fc829bd6621927e10f79ff8f16a6b6eddd3b1bf56e8a1
        codeSamplesNamespace: apideck-go-code-samples
        codeSamplesRevisionDigest: sha256:82366fb1dffb89cf70dcf72914e039ef722885a8aebf94a606088cde2e74bbc1
workflow:
    workflowVersion: 1.0.0
    speakeasyVersion: latest
    sources:
        Apideck:
            inputs:
                - location: https://ci-spec-unify.s3.eu-central-1.amazonaws.com/speakeasy-spec.yml
            registry:
                location: registry.speakeasyapi.dev/apideck-k2o/apideck/apideck
    targets:
        apideck:
            target: go
            source: Apideck
            codeSamples:
                registry:
                    location: registry.speakeasyapi.dev/apideck-k2o/apideck/apideck-go-code-samples
                blocking: false
